
Microsoft Visual Studio Solution File, Format Version 12.00
# Visual Studio Version 17
VisualStudioVersion = 17.7.34031.279
MinimumVisualStudioVersion = 10.0.40219.1
Project("{8BC9CEB8-8B4A-11D0-8D11-00A0C91BC942}") = "cviceni_1", "cviceni_1\cviceni_1.vcxproj", "{F35439BB-CC8A-4EF1-9187-C28DC078BE3E}"
EndProject
Project("{8BC9CEB8-8B4A-11D0-8D11-00A0C91BC942}") = "cviceni_2", "cviceni_2\cviceni_2.vcxproj", "{5309FC15-CDBB-4627-A7AC-685B273E57B5}"
EndProject
Project("{8BC9CEB8-8B4A-11D0-8D11-00A0C91BC942}") = "cviceni_3", "cviceni_3\cviceni_3.vcxproj", "{604CDED8-26C3-4596-B7A4-730D68F12CA5}"
EndProject
Project("{8BC9CEB8-8B4A-11D0-8D11-00A0C91BC942}") = "cviceni_4", "cviceni4\cviceni4.vcxproj", "{52D740C0-3E01-4C7E-9FC7-CE5D0395150B}"
EndProject
Project("{8BC9CEB8-8B4A-11D0-8D11-00A0C91BC942}") = "cviceni_5", "cviceni_5\cviceni_5.vcxproj", "{33421C3E-AA59-4B35-B8B3-D7D7E4047FF7}"
EndProject
Project("{8BC9CEB8-8B4A-11D0-8D11-00A0C91BC942}") = "Structures", "Structures\Structures.vcxproj", "{355FB4A4-7A91-41E8-A651-7F23CA21EAFF}"
EndProject
Project("{8BC9CEB8-8B4A-11D0-8D11-00A0C91BC942}") = "cviceni_6", "cviceni_6\cviceni_6.vcxproj", "{60AAE611-50D3-45C5-8D29-5810475CD60F}"
EndProject
Project("{8BC9CEB8-8B4A-11D0-8D11-00A0C91BC942}") = "Zapocet_C", "Zapocet_C\Zapocet_C.vcxproj", "{D87FBCC8-35BE-46A0-89CA-7ED627A49B30}"
EndProject
Project("{8BC9CEB8-8B4A-11D0-8D11-00A0C91BC942}") = "cviceni_07", "cviceni_07\cviceni_07.vcxproj", "{7F54C942-1975-4EB7-A346-CE9D7C83A8E3}"
EndProject
Project("{8BC9CEB8-8B4A-11D0-8D11-00A0C91BC942}") = "cviceni_8", "cviceni_8\cviceni_8.vcxproj", "{443342F5-CAA2-4CF0-A7A4-0F1596AA57FB}"
EndProject
Project("{8BC9CEB8-8B4A-11D0-8D11-00A0C91BC942}") = "cviceni_9", "cviceni_9\cviceni_9.vcxproj", "{4ABC5EE9-2D22-48DB-A68B-5185C7E51A95}"
EndProject
Global
	GlobalSection(SolutionConfigurationPlatforms) = preSolution
		Debug|x64 = Debug|x64
		Debug|x86 = Debug|x86
		Release|x64 = Release|x64
		Release|x86 = Release|x86
	EndGlobalSection
	GlobalSection(ProjectConfigurationPlatforms) = postSolution
		{F35439BB-CC8A-4EF1-9187-C28DC078BE3E}.Debug|x64.ActiveCfg = Debug|x64
		{F35439BB-CC8A-4EF1-9187-C28DC078BE3E}.Debug|x64.Build.0 = Debug|x64
		{F35439BB-CC8A-4EF1-9187-C28DC078BE3E}.Debug|x86.ActiveCfg = Debug|Win32
		{F35439BB-CC8A-4EF1-9187-C28DC078BE3E}.Debug|x86.Build.0 = Debug|Win32
		{F35439BB-CC8A-4EF1-9187-C28DC078BE3E}.Release|x64.ActiveCfg = Release|x64
		{F35439BB-CC8A-4EF1-9187-C28DC078BE3E}.Release|x64.Build.0 = Release|x64
		{F35439BB-CC8A-4EF1-9187-C28DC078BE3E}.Release|x86.ActiveCfg = Release|Win32
		{F35439BB-CC8A-4EF1-9187-C28DC078BE3E}.Release|x86.Build.0 = Release|Win32
		{5309FC15-CDBB-4627-A7AC-685B273E57B5}.Debug|x64.ActiveCfg = Debug|x64
		{5309FC15-CDBB-4627-A7AC-685B273E57B5}.Debug|x64.Build.0 = Debug|x64
		{5309FC15-CDBB-4627-A7AC-685B273E57B5}.Debug|x86.ActiveCfg = Debug|Win32
		{5309FC15-CDBB-4627-A7AC-685B273E57B5}.Debug|x86.Build.0 = Debug|Win32
		{5309FC15-CDBB-4627-A7AC-685B273E57B5}.Release|x64.ActiveCfg = Release|x64
		{5309FC15-CDBB-4627-A7AC-685B273E57B5}.Release|x64.Build.0 = Release|x64
		{5309FC15-CDBB-4627-A7AC-685B273E57B5}.Release|x86.ActiveCfg = Release|Win32
		{5309FC15-CDBB-4627-A7AC-685B273E57B5}.Release|x86.Build.0 = Release|Win32
		{604CDED8-26C3-4596-B7A4-730D68F12CA5}.Debug|x64.ActiveCfg = Debug|x64
		{604CDED8-26C3-4596-B7A4-730D68F12CA5}.Debug|x64.Build.0 = Debug|x64
		{604CDED8-26C3-4596-B7A4-730D68F12CA5}.Debug|x86.ActiveCfg = Debug|Win32
		{604CDED8-26C3-4596-B7A4-730D68F12CA5}.Debug|x86.Build.0 = Debug|Win32
		{604CDED8-26C3-4596-B7A4-730D68F12CA5}.Release|x64.ActiveCfg = Release|x64
		{604CDED8-26C3-4596-B7A4-730D68F12CA5}.Release|x64.Build.0 = Release|x64
		{604CDED8-26C3-4596-B7A4-730D68F12CA5}.Release|x86.ActiveCfg = Release|Win32
		{604CDED8-26C3-4596-B7A4-730D68F12CA5}.Release|x86.Build.0 = Release|Win32
		{52D740C0-3E01-4C7E-9FC7-CE5D0395150B}.Debug|x64.ActiveCfg = Debug|x64
		{52D740C0-3E01-4C7E-9FC7-CE5D0395150B}.Debug|x64.Build.0 = Debug|x64
		{52D740C0-3E01-4C7E-9FC7-CE5D0395150B}.Debug|x86.ActiveCfg = Debug|Win32
		{52D740C0-3E01-4C7E-9FC7-CE5D0395150B}.Debug|x86.Build.0 = Debug|Win32
		{52D740C0-3E01-4C7E-9FC7-CE5D0395150B}.Release|x64.ActiveCfg = Release|x64
		{52D740C0-3E01-4C7E-9FC7-CE5D0395150B}.Release|x64.Build.0 = Release|x64
		{52D740C0-3E01-4C7E-9FC7-CE5D0395150B}.Release|x86.ActiveCfg = Release|Win32
		{52D740C0-3E01-4C7E-9FC7-CE5D0395150B}.Release|x86.Build.0 = Release|Win32
		{33421C3E-AA59-4B35-B8B3-D7D7E4047FF7}.Debug|x64.ActiveCfg = Debug|x64
		{33421C3E-AA59-4B35-B8B3-D7D7E4047FF7}.Debug|x64.Build.0 = Debug|x64
		{33421C3E-AA59-4B35-B8B3-D7D7E4047FF7}.Debug|x86.ActiveCfg = Debug|Win32
		{33421C3E-AA59-4B35-B8B3-D7D7E4047FF7}.Debug|x86.Build.0 = Debug|Win32
		{33421C3E-AA59-4B35-B8B3-D7D7E4047FF7}.Release|x64.ActiveCfg = Release|x64
		{33421C3E-AA59-4B35-B8B3-D7D7E4047FF7}.Release|x64.Build.0 = Release|x64
		{33421C3E-AA59-4B35-B8B3-D7D7E4047FF7}.Release|x86.ActiveCfg = Release|Win32
		{33421C3E-AA59-4B35-B8B3-D7D7E4047FF7}.Release|x86.Build.0 = Release|Win32
		{355FB4A4-7A91-41E8-A651-7F23CA21EAFF}.Debug|x64.ActiveCfg = Debug|x64
		{355FB4A4-7A91-41E8-A651-7F23CA21EAFF}.Debug|x64.Build.0 = Debug|x64
		{355FB4A4-7A91-41E8-A651-7F23CA21EAFF}.Debug|x86.ActiveCfg = Debug|Win32
		{355FB4A4-7A91-41E8-A651-7F23CA21EAFF}.Debug|x86.Build.0 = Debug|Win32
		{355FB4A4-7A91-41E8-A651-7F23CA21EAFF}.Release|x64.ActiveCfg = Release|x64
		{355FB4A4-7A91-41E8-A651-7F23CA21EAFF}.Release|x64.Build.0 = Release|x64
		{355FB4A4-7A91-41E8-A651-7F23CA21EAFF}.Release|x86.ActiveCfg = Release|Win32
		{355FB4A4-7A91-41E8-A651-7F23CA21EAFF}.Release|x86.Build.0 = Release|Win32
		{60AAE611-50D3-45C5-8D29-5810475CD60F}.Debug|x64.ActiveCfg = Debug|x64
		{60AAE611-50D3-45C5-8D29-5810475CD60F}.Debug|x64.Build.0 = Debug|x64
		{60AAE611-50D3-45C5-8D29-5810475CD60F}.Debug|x86.ActiveCfg = Debug|Win32
		{60AAE611-50D3-45C5-8D29-5810475CD60F}.Debug|x86.Build.0 = Debug|Win32
		{60AAE611-50D3-45C5-8D29-5810475CD60F}.Release|x64.ActiveCfg = Release|x64
		{60AAE611-50D3-45C5-8D29-5810475CD60F}.Release|x64.Build.0 = Release|x64
		{60AAE611-50D3-45C5-8D29-5810475CD60F}.Release|x86.ActiveCfg = Release|Win32
		{60AAE611-50D3-45C5-8D29-5810475CD60F}.Release|x86.Build.0 = Release|Win32
		{D87FBCC8-35BE-46A0-89CA-7ED627A49B30}.Debug|x64.ActiveCfg = Debug|x64
		{D87FBCC8-35BE-46A0-89CA-7ED627A49B30}.Debug|x64.Build.0 = Debug|x64
		{D87FBCC8-35BE-46A0-89CA-7ED627A49B30}.Debug|x86.ActiveCfg = Debug|Win32
		{D87FBCC8-35BE-46A0-89CA-7ED627A49B30}.Debug|x86.Build.0 = Debug|Win32
		{D87FBCC8-35BE-46A0-89CA-7ED627A49B30}.Release|x64.ActiveCfg = Release|x64
		{D87FBCC8-35BE-46A0-89CA-7ED627A49B30}.Release|x64.Build.0 = Release|x64
		{D87FBCC8-35BE-46A0-89CA-7ED627A49B30}.Release|x86.ActiveCfg = Release|Win32
		{D87FBCC8-35BE-46A0-89CA-7ED627A49B30}.Release|x86.Build.0 = Release|Win32
		{7F54C942-1975-4EB7-A346-CE9D7C83A8E3}.Debug|x64.ActiveCfg = Debug|x64
		{7F54C942-1975-4EB7-A346-CE9D7C83A8E3}.Debug|x64.Build.0 = Debug|x64
		{7F54C942-1975-4EB7-A346-CE9D7C83A8E3}.Debug|x86.ActiveCfg = Debug|Win32
		{7F54C942-1975-4EB7-A346-CE9D7C83A8E3}.Debug|x86.Build.0 = Debug|Win32
		{7F54C942-1975-4EB7-A346-CE9D7C83A8E3}.Release|x64.ActiveCfg = Release|x64
		{7F54C942-1975-4EB7-A346-CE9D7C83A8E3}.Release|x64.Build.0 = Release|x64
		{7F54C942-1975-4EB7-A346-CE9D7C83A8E3}.Release|x86.ActiveCfg = Release|Win32
		{7F54C942-1975-4EB7-A346-CE9D7C83A8E3}.Release|x86.Build.0 = Release|Win32
		{443342F5-CAA2-4CF0-A7A4-0F1596AA57FB}.Debug|x64.ActiveCfg = Debug|x64
		{443342F5-CAA2-4CF0-A7A4-0F1596AA57FB}.Debug|x64.Build.0 = Debug|x64
		{443342F5-CAA2-4CF0-A7A4-0F1596AA57FB}.Debug|x86.ActiveCfg = Debug|Win32
		{443342F5-CAA2-4CF0-A7A4-0F1596AA57FB}.Debug|x86.Build.0 = Debug|Win32
		{443342F5-CAA2-4CF0-A7A4-0F1596AA57FB}.Release|x64.ActiveCfg = Release|x64
		{443342F5-CAA2-4CF0-A7A4-0F1596AA57FB}.Release|x64.Build.0 = Release|x64
		{443342F5-CAA2-4CF0-A7A4-0F1596AA57FB}.Release|x86.ActiveCfg = Release|Win32
		{443342F5-CAA2-4CF0-A7A4-0F1596AA57FB}.Release|x86.Build.0 = Release|Win32
		{4ABC5EE9-2D22-48DB-A68B-5185C7E51A95}.Debug|x64.ActiveCfg = Debug|x64
		{4ABC5EE9-2D22-48DB-A68B-5185C7E51A95}.Debug|x64.Build.0 = Debug|x64
		{4ABC5EE9-2D22-48DB-A68B-5185C7E51A95}.Debug|x86.ActiveCfg = Debug|Win32
		{4ABC5EE9-2D22-48DB-A68B-5185C7E51A95}.Debug|x86.Build.0 = Debug|Win32
		{4ABC5EE9-2D22-48DB-A68B-5185C7E51A95}.Release|x64.ActiveCfg = Release|x64
		{4ABC5EE9-2D22-48DB-A68B-5185C7E51A95}.Release|x64.Build.0 = Release|x64
		{4ABC5EE9-2D22-48DB-A68B-5185C7E51A95}.Release|x86.ActiveCfg = Release|Win32
		{4ABC5EE9-2D22-48DB-A68B-5185C7E51A95}.Release|x86.Build.0 = Release|Win32
	EndGlobalSection
	GlobalSection(SolutionProperties) = preSolution
		HideSolutionNode = FALSE
	EndGlobalSection
	GlobalSection(ExtensibilityGlobals) = postSolution
		SolutionGuid = {6E3D6B58-CC03-4151-B053-B6E271FCC3A8}
	EndGlobalSection
EndGlobal
